
Microsoft Visual Studio Solution File, Format Version 12.00
# Visual Studio 15
VisualStudioVersion = 15.0.26730.16
MinimumVisualStudioVersion = 10.0.40219.1
Project("{FAE04EC0-301F-11D3-BF4B-00C04F79EFBC}") = "SOA.Web", "SOA.Web\SOA.Web.csproj", "{AF984486-174C-4E52-B1BB-E96B3EACC8BB}"
EndProject
Global
	GlobalSection(SolutionConfigurationPlatforms) = preSolution
		Debug|Any CPU = Debug|Any CPU
		Release|Any CPU = Release|Any CPU
	EndGlobalSection
	GlobalSection(ProjectConfigurationPlatforms) = postSolution
		{AF984486-174C-4E52-B1BB-E96B3EACC8BB}.Debug|Any CPU.ActiveCfg = Debug|Any CPU
		{AF984486-174C-4E52-B1BB-E96B3EACC8BB}.Debug|Any CPU.Build.0 = Debug|Any CPU
		{AF984486-174C-4E52-B1BB-E96B3EACC8BB}.Release|Any CPU.ActiveCfg = Release|Any CPU
		{AF984486-174C-4E52-B1BB-E96B3EACC8BB}.Release|Any CPU.Build.0 = Release|Any CPU
	EndGlobalSection
	GlobalSection(SolutionProperties) = preSolution
		HideSolutionNode = FALSE
	EndGlobalSection
	GlobalSection(ExtensibilityGlobals) = postSolution
		SolutionGuid = {42465ED5-DA82-4588-AF8C-D2CAB301F1F7}
	EndGlobalSection
EndGlobal
